// !$*UTF8*$!
{
	archiveVersion = 1;
	classes = {
	};
	objectVersion = 55;
	objects = {

/* Begin PBXBuildFile section */
		AB5B7473285D8272001F7DBD /* AppDelegate.swift in Sources */ = {isa = PBXBuildFile; fileRef = AB5B7472285D8272001F7DBD /* AppDelegate.swift */; };
		AB5B7475285D8272001F7DBD /* SceneDelegate.swift in Sources */ = {isa = PBXBuildFile; fileRef = AB5B7474285D8272001F7DBD /* SceneDelegate.swift */; };
		AB5B7477285D8272001F7DBD /* ViewController.swift in Sources */ = {isa = PBXBuildFile; fileRef = AB5B7476285D8272001F7DBD /* ViewController.swift */; };
		AB5B747A285D8272001F7DBD /* Main.storyboard in Resources */ = {isa = PBXBuildFile; fileRef = AB5B7478285D8272001F7DBD /* Main.storyboard */; };
		AB5B747D285D8272001F7DBD /* FitnessTracker.xcdatamodeld in Sources */ = {isa = PBXBuildFile; fileRef = AB5B747B285D8272001F7DBD /* FitnessTracker.xcdatamodeld */; };
		AB5B747F285D8274001F7DBD /* Assets.xcassets in Resources */ = {isa = PBXBuildFile; fileRef = AB5B747E285D8274001F7DBD /* Assets.xcassets */; };
		AB5B7482285D8274001F7DBD /* LaunchScreen.storyboard in Resources */ = {isa = PBXBuildFile; fileRef = AB5B7480285D8274001F7DBD /* LaunchScreen.storyboard */; };
		AB5F8FF0285D86CB009C4D43 /* DatabaseManager.swift in Sources */ = {isa = PBXBuildFile; fileRef = AB5F8FEF285D86CB009C4D43 /* DatabaseManager.swift */; };
		AB5F8FF2285D8753009C4D43 /* LoginViewController.swift in Sources */ = {isa = PBXBuildFile; fileRef = AB5F8FF1285D8753009C4D43 /* LoginViewController.swift */; };
		AB84D108286D593300D2A68A /* User.storyboard in Resources */ = {isa = PBXBuildFile; fileRef = AB84D107286D593300D2A68A /* User.storyboard */; };
		AB84D10A286D593F00D2A68A /* Trainer.storyboard in Resources */ = {isa = PBXBuildFile; fileRef = AB84D109286D593F00D2A68A /* Trainer.storyboard */; };
		AB84D10E286D5A8200D2A68A /* UserLandingVC.swift in Sources */ = {isa = PBXBuildFile; fileRef = AB84D10D286D5A8200D2A68A /* UserLandingVC.swift */; };
		AB84D110286D5A9000D2A68A /* TrainerLandingVC.swift in Sources */ = {isa = PBXBuildFile; fileRef = AB84D10F286D5A9000D2A68A /* TrainerLandingVC.swift */; };
		ABEDCB4328695D0C001DACE8 /* MyUserList.xib in Resources */ = {isa = PBXBuildFile; fileRef = ABEDCB4228695D0C001DACE8 /* MyUserList.xib */; };
		ABEDCBB2286AA987001DACE8 /* ViewWithBorder.swift in Sources */ = {isa = PBXBuildFile; fileRef = ABEDCBB1286AA987001DACE8 /* ViewWithBorder.swift */; };
/* End PBXBuildFile section */

/* Begin PBXFileReference section */
		AB5B746F285D8272001F7DBD /* FitnessTracker.app */ = {isa = PBXFileReference; explicitFileType = wrapper.application; includeInIndex = 0; path = FitnessTracker.app; sourceTree = BUILT_PRODUCTS_DIR; };
		AB5B7472285D8272001F7DBD /* AppDelegate.swift */ = {isa = PBXFileReference; lastKnownFileType = sourcecode.swift; path = AppDelegate.swift; sourceTree = "<group>"; };
		AB5B7474285D8272001F7DBD /* SceneDelegate.swift */ = {isa = PBXFileReference; lastKnownFileType = sourcecode.swift; path = SceneDelegate.swift; sourceTree = "<group>"; };
		AB5B7476285D8272001F7DBD /* ViewController.swift */ = {isa = PBXFileReference; lastKnownFileType = sourcecode.swift; path = ViewController.swift; sourceTree = "<group>"; };
		AB5B7479285D8272001F7DBD /* Base */ = {isa = PBXFileReference; lastKnownFileType = file.storyboard; name = Base; path = Base.lproj/Main.storyboard; sourceTree = "<group>"; };
		AB5B747C285D8272001F7DBD /* FitnessTracker.xcdatamodel */ = {isa = PBXFileReference; lastKnownFileType = wrapper.xcdatamodel; path = FitnessTracker.xcdatamodel; sourceTree = "<group>"; };
		AB5B747E285D8274001F7DBD /* Assets.xcassets */ = {isa = PBXFileReference; lastKnownFileType = folder.assetcatalog; path = Assets.xcassets; sourceTree = "<group>"; };
		AB5B7481285D8274001F7DBD /* Base */ = {isa = PBXFileReference; lastKnownFileType = file.storyboard; name = Base; path = Base.lproj/LaunchScreen.storyboard; sourceTree = "<group>"; };
		AB5B7483285D8274001F7DBD /* Info.plist */ = {isa = PBXFileReference; lastKnownFileType = text.plist.xml; path = Info.plist; sourceTree = "<group>"; };
		AB5F8FEF285D86CB009C4D43 /* DatabaseManager.swift */ = {isa = PBXFileReference; lastKnownFileType = sourcecode.swift; path = DatabaseManager.swift; sourceTree = "<group>"; };
		AB5F8FF1285D8753009C4D43 /* LoginViewController.swift */ = {isa = PBXFileReference; lastKnownFileType = sourcecode.swift; path = LoginViewController.swift; sourceTree = "<group>"; };
		AB84D107286D593300D2A68A /* User.storyboard */ = {isa = PBXFileReference; lastKnownFileType = file.storyboard; path = User.storyboard; sourceTree = "<group>"; };
		AB84D109286D593F00D2A68A /* Trainer.storyboard */ = {isa = PBXFileReference; lastKnownFileType = file.storyboard; path = Trainer.storyboard; sourceTree = "<group>"; };
		AB84D10D286D5A8200D2A68A /* UserLandingVC.swift */ = {isa = PBXFileReference; lastKnownFileType = sourcecode.swift; path = UserLandingVC.swift; sourceTree = "<group>"; };
		AB84D10F286D5A9000D2A68A /* TrainerLandingVC.swift */ = {isa = PBXFileReference; lastKnownFileType = sourcecode.swift; path = TrainerLandingVC.swift; sourceTree = "<group>"; };
		ABEDCB4228695D0C001DACE8 /* MyUserList.xib */ = {isa = PBXFileReference; lastKnownFileType = file.xib; path = MyUserList.xib; sourceTree = "<group>"; };
		ABEDCBB1286AA987001DACE8 /* ViewWithBorder.swift */ = {isa = PBXFileReference; lastKnownFileType = sourcecode.swift; path = ViewWithBorder.swift; sourceTree = "<group>"; };
/* End PBXFileReference section */

/* Begin PBXFrameworksBuildPhase section */
		AB5B746C285D8272001F7DBD /* Frameworks */ = {
			isa = PBXFrameworksBuildPhase;
			buildActionMask = 2147483647;
			files = (
			);
			runOnlyForDeploymentPostprocessing = 0;
		};
/* End PBXFrameworksBuildPhase section */

/* Begin PBXGroup section */
		AB5B7466285D8272001F7DBD = {
			isa = PBXGroup;
			children = (
				AB5B7471285D8272001F7DBD /* FitnessTracker */,
				AB5B7470285D8272001F7DBD /* Products */,
			);
			sourceTree = "<group>";
		};
		AB5B7470285D8272001F7DBD /* Products */ = {
			isa = PBXGroup;
			children = (
				AB5B746F285D8272001F7DBD /* FitnessTracker.app */,
			);
			name = Products;
			sourceTree = "<group>";
		};
		AB5B7471285D8272001F7DBD /* FitnessTracker */ = {
			isa = PBXGroup;
			children = (
				AB5B7472285D8272001F7DBD /* AppDelegate.swift */,
				AB5B7474285D8272001F7DBD /* SceneDelegate.swift */,
				AB5B748A285D8315001F7DBD /* MVVM */,
				AB5B7489285D830D001F7DBD /* DatabaseManager */,
				AB5B7491285D8426001F7DBD /* Resources */,
			);
			path = FitnessTracker;
			sourceTree = "<group>";
		};
		AB5B7489285D830D001F7DBD /* DatabaseManager */ = {
			isa = PBXGroup;
			children = (
				AB5F8FEF285D86CB009C4D43 /* DatabaseManager.swift */,
			);
			path = DatabaseManager;
			sourceTree = "<group>";
		};
		AB5B748A285D8315001F7DBD /* MVVM */ = {
			isa = PBXGroup;
			children = (
				AB5B748B285D832A001F7DBD /* Model */,
				AB5B748C285D836C001F7DBD /* View */,
				AB5B748D285D8373001F7DBD /* ViewModel */,
			);
			path = MVVM;
			sourceTree = "<group>";
		};
		AB5B748B285D832A001F7DBD /* Model */ = {
			isa = PBXGroup;
			children = (
			);
			path = Model;
			sourceTree = "<group>";
		};
		AB5B748C285D836C001F7DBD /* View */ = {
			isa = PBXGroup;
			children = (
				ABEDCBB0286AA973001DACE8 /* Extension */,
				ABEDCB4128695CF4001DACE8 /* Xib */,
				AB5B748E285D838B001F7DBD /* ViewController */,
				AB5B748F285D83C6001F7DBD /* Storyboards */,
				AB5B7490285D83F6001F7DBD /* TableViewCell */,
			);
			path = View;
			sourceTree = "<group>";
		};
		AB5B748D285D8373001F7DBD /* ViewModel */ = {
			isa = PBXGroup;
			children = (
			);
			path = ViewModel;
			sourceTree = "<group>";
		};
		AB5B748E285D838B001F7DBD /* ViewController */ = {
			isa = PBXGroup;
			children = (
				AB5B7476285D8272001F7DBD /* ViewController.swift */,
				AB5F8FF1285D8753009C4D43 /* LoginViewController.swift */,
				AB84D10C286D59B800D2A68A /* Trainer */,
				AB84D10B286D59A800D2A68A /* User */,
			);
			path = ViewController;
			sourceTree = "<group>";
		};
		AB5B748F285D83C6001F7DBD /* Storyboards */ = {
			isa = PBXGroup;
			children = (
				AB5B7478285D8272001F7DBD /* Main.storyboard */,
				AB84D107286D593300D2A68A /* User.storyboard */,
				AB84D109286D593F00D2A68A /* Trainer.storyboard */,
			);
			path = Storyboards;
			sourceTree = "<group>";
		};
		AB5B7490285D83F6001F7DBD /* TableViewCell */ = {
			isa = PBXGroup;
			children = (
			);
			path = TableViewCell;
			sourceTree = "<group>";
		};
		AB5B7491285D8426001F7DBD /* Resources */ = {
			isa = PBXGroup;
			children = (
				AB5B747E285D8274001F7DBD /* Assets.xcassets */,
				AB5B7483285D8274001F7DBD /* Info.plist */,
				AB5B7480285D8274001F7DBD /* LaunchScreen.storyboard */,
				AB5B747B285D8272001F7DBD /* FitnessTracker.xcdatamodeld */,
			);
			path = Resources;
			sourceTree = "<group>";
		};
		AB84D10B286D59A800D2A68A /* User */ = {
			isa = PBXGroup;
			children = (
				AB84D10D286D5A8200D2A68A /* UserLandingVC.swift */,
			);
			path = User;
			sourceTree = "<group>";
		};
		AB84D10C286D59B800D2A68A /* Trainer */ = {
			isa = PBXGroup;
			children = (
				AB84D10F286D5A9000D2A68A /* TrainerLandingVC.swift */,
			);
			path = Trainer;
			sourceTree = "<group>";
		};
		ABEDCB4128695CF4001DACE8 /* Xib */ = {
			isa = PBXGroup;
			children = (
				ABEDCB4228695D0C001DACE8 /* MyUserList.xib */,
			);
			path = Xib;
			sourceTree = "<group>";
		};
		ABEDCBB0286AA973001DACE8 /* Extension */ = {
			isa = PBXGroup;
			children = (
				ABEDCBB1286AA987001DACE8 /* ViewWithBorder.swift */,
			);
			path = Extension;
			sourceTree = "<group>";
		};
/* End PBXGroup section */

/* Begin PBXNativeTarget section */
		AB5B746E285D8272001F7DBD /* FitnessTracker */ = {
			isa = PBXNativeTarget;
			buildConfigurationList = AB5B7486285D8274001F7DBD /* Build configuration list for PBXNativeTarget "FitnessTracker" */;
			buildPhases = (
				AB5B746B285D8272001F7DBD /* Sources */,
				AB5B746C285D8272001F7DBD /* Frameworks */,
				AB5B746D285D8272001F7DBD /* Resources */,
			);
			buildRules = (
			);
			dependencies = (
			);
			name = FitnessTracker;
			productName = FitnessTracker;
			productReference = AB5B746F285D8272001F7DBD /* FitnessTracker.app */;
			productType = "com.apple.product-type.application";
		};
/* End PBXNativeTarget section */

/* Begin PBXProject section */
		AB5B7467285D8272001F7DBD /* Project object */ = {
			isa = PBXProject;
			attributes = {
				BuildIndependentTargetsInParallel = 1;
				LastSwiftUpdateCheck = 1340;
				LastUpgradeCheck = 1340;
				TargetAttributes = {
					AB5B746E285D8272001F7DBD = {
						CreatedOnToolsVersion = 13.4.1;
					};
				};
			};
			buildConfigurationList = AB5B746A285D8272001F7DBD /* Build configuration list for PBXProject "FitnessTracker" */;
			compatibilityVersion = "Xcode 13.0";
			developmentRegion = en;
			hasScannedForEncodings = 0;
			knownRegions = (
				en,
				Base,
			);
			mainGroup = AB5B7466285D8272001F7DBD;
			productRefGroup = AB5B7470285D8272001F7DBD /* Products */;
			projectDirPath = "";
			projectRoot = "";
			targets = (
				AB5B746E285D8272001F7DBD /* FitnessTracker */,
			);
		};
/* End PBXProject section */

/* Begin PBXResourcesBuildPhase section */
		AB5B746D285D8272001F7DBD /* Resources */ = {
			isa = PBXResourcesBuildPhase;
			buildActionMask = 2147483647;
			files = (
				AB84D10A286D593F00D2A68A /* Trainer.storyboard in Resources */,
				ABEDCB4328695D0C001DACE8 /* MyUserList.xib in Resources */,
				AB84D108286D593300D2A68A /* User.storyboard in Resources */,
				AB5B7482285D8274001F7DBD /* LaunchScreen.storyboard in Resources */,
				AB5B747F285D8274001F7DBD /* Assets.xcassets in Resources */,
				AB5B747A285D8272001F7DBD /* Main.storyboard in Resources */,
			);
			runOnlyForDeploymentPostprocessing = 0;
		};
/* End PBXResourcesBuildPhase section */

/* Begin PBXSourcesBuildPhase section */
		AB5B746B285D8272001F7DBD /* Sources */ = {
			isa = PBXSourcesBuildPhase;
			buildActionMask = 2147483647;
			files = (
				ABEDCBB2286AA987001DACE8 /* ViewWithBorder.swift in Sources */,
				AB5F8FF2285D8753009C4D43 /* LoginViewController.swift in Sources */,
				AB5B7477285D8272001F7DBD /* ViewController.swift in Sources */,
				AB84D10E286D5A8200D2A68A /* UserLandingVC.swift in Sources */,
				AB5B7473285D8272001F7DBD /* AppDelegate.swift in Sources */,
				AB5F8FF0285D86CB009C4D43 /* DatabaseManager.swift in Sources */,
				AB5B7475285D8272001F7DBD /* SceneDelegate.swift in Sources */,
				AB84D110286D5A9000D2A68A /* TrainerLandingVC.swift in Sources */,
				AB5B747D285D8272001F7DBD /* FitnessTracker.xcdatamodeld in Sources */,
			);
			runOnlyForDeploymentPostprocessing = 0;
		};
/* End PBXSourcesBuildPhase section */

/* Begin PBXVariantGroup section */
		AB5B7478285D8272001F7DBD /* Main.storyboard */ = {
			isa = PBXVariantGroup;
			children = (
				AB5B7479285D8272001F7DBD /* Base */,
			);
			name = Main.storyboard;
			sourceTree = "<group>";
		};
		AB5B7480285D8274001F7DBD /* LaunchScreen.storyboard */ = {
			isa = PBXVariantGroup;
			children = (
				AB5B7481285D8274001F7DBD /* Base */,
			);
			name = LaunchScreen.storyboard;
			sourceTree = "<group>";
		};
/* End PBXVariantGroup section */

/* Begin XCBuildConfiguration section */
		AB5B7484285D8274001F7DBD /* Debug */ = {
			isa = XCBuildConfiguration;
			buildSettings = {
				ALWAYS_SEARCH_USER_PATHS = NO;
				CLANG_ANALYZER_NONNULL = YES;
				CLANG_ANALYZER_NUMBER_OBJECT_CONVERSION = YES_AGGRESSIVE;
				CLANG_CXX_LANGUAGE_STANDARD = "gnu++17";
				CLANG_ENABLE_MODULES = YES;
				CLANG_ENABLE_OBJC_ARC = YES;
				CLANG_ENABLE_OBJC_WEAK = YES;
				CLANG_WARN_BLOCK_CAPTURE_AUTORELEASING = YES;
				CLANG_WARN_BOOL_CONVERSION = YES;
				CLANG_WARN_COMMA = YES;
				CLANG_WARN_CONSTANT_CONVERSION = YES;
				CLANG_WARN_DEPRECATED_OBJC_IMPLEMENTATIONS = YES;
				CLANG_WARN_DIRECT_OBJC_ISA_USAGE = YES_ERROR;
				CLANG_WARN_DOCUMENTATION_COMMENTS = YES;
				CLANG_WARN_EMPTY_BODY = YES;
				CLANG_WARN_ENUM_CONVERSION = YES;
				CLANG_WARN_INFINITE_RECURSION = YES;
				CLANG_WARN_INT_CONVERSION = YES;
				CLANG_WARN_NON_LITERAL_NULL_CONVERSION = YES;
				CLANG_WARN_OBJC_IMPLICIT_RETAIN_SELF = YES;
				CLANG_WARN_OBJC_LITERAL_CONVERSION = YES;
				CLANG_WARN_OBJC_ROOT_CLASS = YES_ERROR;
				CLANG_WARN_QUOTED_INCLUDE_IN_FRAMEWORK_HEADER = YES;
				CLANG_WARN_RANGE_LOOP_ANALYSIS = YES;
				CLANG_WARN_STRICT_PROTOTYPES = YES;
				CLANG_WARN_SUSPICIOUS_MOVE = YES;
				CLANG_WARN_UNGUARDED_AVAILABILITY = YES_AGGRESSIVE;
				CLANG_WARN_UNREACHABLE_CODE = YES;
				CLANG_WARN__DUPLICATE_METHOD_MATCH = YES;
				COPY_PHASE_STRIP = NO;
				DEBUG_INFORMATION_FORMAT = dwarf;
				ENABLE_STRICT_OBJC_MSGSEND = YES;
				ENABLE_TESTABILITY = YES;
				GCC_C_LANGUAGE_STANDARD = gnu11;
				GCC_DYNAMIC_NO_PIC = NO;
				GCC_NO_COMMON_BLOCKS = YES;
				GCC_OPTIMIZATION_LEVEL = 0;
				GCC_PREPROCESSOR_DEFINITIONS = (
					"DEBUG=1",
					"$(inherited)",
				);
				GCC_WARN_64_TO_32_BIT_CONVERSION = YES;
				GCC_WARN_ABOUT_RETURN_TYPE = YES_ERROR;
				GCC_WARN_UNDECLARED_SELECTOR = YES;
				GCC_WARN_UNINITIALIZED_AUTOS = YES_AGGRESSIVE;
				GCC_WARN_UNUSED_FUNCTION = YES;
				GCC_WARN_UNUSED_VARIABLE = YES;
				IPHONEOS_DEPLOYMENT_TARGET = 15.5;
				MTL_ENABLE_DEBUG_INFO = INCLUDE_SOURCE;
				MTL_FAST_MATH = YES;
				ONLY_ACTIVE_ARCH = YES;
				SDKROOT = iphoneos;
				SWIFT_ACTIVE_COMPILATION_CONDITIONS = DEBUG;
				SWIFT_OPTIMIZATION_LEVEL = "-Onone";
			};
			name = Debug;
		};
		AB5B7485285D8274001F7DBD /* Release */ = {
			isa = XCBuildConfiguration;
			buildSettings = {
				ALWAYS_SEARCH_USER_PATHS = NO;
				CLANG_ANALYZER_NONNULL = YES;
				CLANG_ANALYZER_NUMBER_OBJECT_CONVERSION = YES_AGGRESSIVE;
				CLANG_CXX_LANGUAGE_STANDARD = "gnu++17";
				CLANG_ENABLE_MODULES = YES;
				CLANG_ENABLE_OBJC_ARC = YES;
				CLANG_ENABLE_OBJC_WEAK = YES;
				CLANG_WARN_BLOCK_CAPTURE_AUTORELEASING = YES;
				CLANG_WARN_BOOL_CONVERSION = YES;
				CLANG_WARN_COMMA = YES;
				CLANG_WARN_CONSTANT_CONVERSION = YES;
				CLANG_WARN_DEPRECATED_OBJC_IMPLEMENTATIONS = YES;
				CLANG_WARN_DIRECT_OBJC_ISA_USAGE = YES_ERROR;
				CLANG_WARN_DOCUMENTATION_COMMENTS = YES;
				CLANG_WARN_EMPTY_BODY = YES;
				CLANG_WARN_ENUM_CONVERSION = YES;
				CLANG_WARN_INFINITE_RECURSION = YES;
				CLANG_WARN_INT_CONVERSION = YES;
				CLANG_WARN_NON_LITERAL_NULL_CONVERSION = YES;
				CLANG_WARN_OBJC_IMPLICIT_RETAIN_SELF = YES;
				CLANG_WARN_OBJC_LITERAL_CONVERSION = YES;
				CLANG_WARN_OBJC_ROOT_CLASS = YES_ERROR;
				CLANG_WARN_QUOTED_INCLUDE_IN_FRAMEWORK_HEADER = YES;
				CLANG_WARN_RANGE_LOOP_ANALYSIS = YES;
				CLANG_WARN_STRICT_PROTOTYPES = YES;
				CLANG_WARN_SUSPICIOUS_MOVE = YES;
				CLANG_WARN_UNGUARDED_AVAILABILITY = YES_AGGRESSIVE;
				CLANG_WARN_UNREACHABLE_CODE = YES;
				CLANG_WARN__DUPLICATE_METHOD_MATCH = YES;
				COPY_PHASE_STRIP = NO;
				DEBUG_INFORMATION_FORMAT = "dwarf-with-dsym";
				ENABLE_NS_ASSERTIONS = NO;
				ENABLE_STRICT_OBJC_MSGSEND = YES;
				GCC_C_LANGUAGE_STANDARD = gnu11;
				GCC_NO_COMMON_BLOCKS = YES;
				GCC_WARN_64_TO_32_BIT_CONVERSION = YES;
				GCC_WARN_ABOUT_RETURN_TYPE = YES_ERROR;
				GCC_WARN_UNDECLARED_SELECTOR = YES;
				GCC_WARN_UNINITIALIZED_AUTOS = YES_AGGRESSIVE;
				GCC_WARN_UNUSED_FUNCTION = YES;
				GCC_WARN_UNUSED_VARIABLE = YES;
				IPHONEOS_DEPLOYMENT_TARGET = 15.5;
				MTL_ENABLE_DEBUG_INFO = NO;
				MTL_FAST_MATH = YES;
				SDKROOT = iphoneos;
				SWIFT_COMPILATION_MODE = wholemodule;
				SWIFT_OPTIMIZATION_LEVEL = "-O";
				VALIDATE_PRODUCT = YES;
			};
			name = Release;
		};
		AB5B7487285D8274001F7DBD /* Debug */ = {
			isa = XCBuildConfiguration;
			buildSettings = {
				ASSETCATALOG_COMPILER_APPICON_NAME = AppIcon;
				ASSETCATALOG_COMPILER_GLOBAL_ACCENT_COLOR_NAME = AccentColor;
				CODE_SIGN_STYLE = Automatic;
				CURRENT_PROJECT_VERSION = 1;
				DEVELOPMENT_TEAM = B7N28739PP;
				GENERATE_INFOPLIST_FILE = YES;
				INFOPLIST_FILE = FitnessTracker/Resources/Info.plist;
				INFOPLIST_KEY_UIApplicationSupportsIndirectInputEvents = YES;
				INFOPLIST_KEY_UILaunchStoryboardName = LaunchScreen;
				INFOPLIST_KEY_UIMainStoryboardFile = Main;
				INFOPLIST_KEY_UISupportedInterfaceOrientations_iPad = "UIInterfaceOrientationPortrait UIInterfaceOrientationPortraitUpsideDown UIInterfaceOrientationLandscapeLeft UIInterfaceOrientationLandscapeRight";
				INFOPLIST_KEY_UISupportedInterfaceOrientations_iPhone = "UIInterfaceOrientationPortrait UIInterfaceOrientationLandscapeLeft UIInterfaceOrientationLandscapeRight";
				IPHONEOS_DEPLOYMENT_TARGET = 13.0;
				LD_RUNPATH_SEARCH_PATHS = (
					"$(inherited)",
					"@executable_path/Frameworks",
				);
				MARKETING_VERSION = 1.0;
				PRODUCT_BUNDLE_IDENTIFIER = ajaygirolkar.FitnessTracker;
				PRODUCT_NAME = "$(TARGET_NAME)";
				SWIFT_EMIT_LOC_STRINGS = YES;
				SWIFT_VERSION = 5.0;
				TARGETED_DEVICE_FAMILY = "1,2";
			};
			name = Debug;
		};
		AB5B7488285D8274001F7DBD /* Release */ = {
			isa = XCBuildConfiguration;
			buildSettings = {
				ASSETCATALOG_COMPILER_APPICON_NAME = AppIcon;
				ASSETCATALOG_COMPILER_GLOBAL_ACCENT_COLOR_NAME = AccentColor;
				CODE_SIGN_STYLE = Automatic;
				CURRENT_PROJECT_VERSION = 1;
				DEVELOPMENT_TEAM = B7N28739PP;
				GENERATE_INFOPLIST_FILE = YES;
				INFOPLIST_FILE = FitnessTracker/Resources/Info.plist;
				INFOPLIST_KEY_UIApplicationSupportsIndirectInputEvents = YES;
				INFOPLIST_KEY_UILaunchStoryboardName = LaunchScreen;
				INFOPLIST_KEY_UIMainStoryboardFile = Main;
				INFOPLIST_KEY_UISupportedInterfaceOrientations_iPad = "UIInterfaceOrientationPortrait UIInterfaceOrientationPortraitUpsideDown UIInterfaceOrientationLandscapeLeft UIInterfaceOrientationLandscapeRight";
				INFOPLIST_KEY_UISupportedInterfaceOrientations_iPhone = "UIInterfaceOrientationPortrait UIInterfaceOrientationLandscapeLeft UIInterfaceOrientationLandscapeRight";
				IPHONEOS_DEPLOYMENT_TARGET = 13.0;
				LD_RUNPATH_SEARCH_PATHS = (
					"$(inherited)",
					"@executable_path/Frameworks",
				);
				MARKETING_VERSION = 1.0;
				PRODUCT_BUNDLE_IDENTIFIER = ajaygirolkar.FitnessTracker;
				PRODUCT_NAME = "$(TARGET_NAME)";
				SWIFT_EMIT_LOC_STRINGS = YES;
				SWIFT_VERSION = 5.0;
				TARGETED_DEVICE_FAMILY = "1,2";
			};
			name = Release;
		};
/* End XCBuildConfiguration section */

/* Begin XCConfigurationList section */
		AB5B746A285D8272001F7DBD /* Build configuration list for PBXProject "FitnessTracker" */ = {
			isa = XCConfigurationList;
			buildConfigurations = (
				AB5B7484285D8274001F7DBD /* Debug */,
				AB5B7485285D8274001F7DBD /* Release */,
			);
			defaultConfigurationIsVisible = 0;
			defaultConfigurationName = Release;
		};
		AB5B7486285D8274001F7DBD /* Build configuration list for PBXNativeTarget "FitnessTracker" */ = {
			isa = XCConfigurationList;
			buildConfigurations = (
				AB5B7487285D8274001F7DBD /* Debug */,
				AB5B7488285D8274001F7DBD /* Release */,
			);
			defaultConfigurationIsVisible = 0;
			defaultConfigurationName = Release;
		};
/* End XCConfigurationList section */

/* Begin XCVersionGroup section */
		AB5B747B285D8272001F7DBD /* FitnessTracker.xcdatamodeld */ = {
			isa = XCVersionGroup;
			children = (
				AB5B747C285D8272001F7DBD /* FitnessTracker.xcdatamodel */,
			);
			currentVersion = AB5B747C285D8272001F7DBD /* FitnessTracker.xcdatamodel */;
			path = FitnessTracker.xcdatamodeld;
			sourceTree = "<group>";
			versionGroupType = wrapper.xcdatamodel;
		};
/* End XCVersionGroup section */
	};
	rootObject = AB5B7467285D8272001F7DBD /* Project object */;
}
